
Microsoft Visual Studio Solution File, Format Version 12.00
# Visual Studio 15
VisualStudioVersion = 15.0.28010.2026
MinimumVisualStudioVersion = 10.0.40219.1
Project("{9A19103F-16F7-4668-BE54-9A1E7A4F7556}") = "CanonicalEmails", "src\CanonicalEmails.csproj", "{FBE2EA1C-D819-45D7-84B9-0E9D612C5885}"
EndProject
Project("{9A19103F-16F7-4668-BE54-9A1E7A4F7556}") = "CanonicalEmails.Tests", "tests\CanonicalEmails.Tests.csproj", "{A40EF0BE-6459-43E9-9680-A657CF40AE98}"
EndProject
Global
	GlobalSection(SolutionConfigurationPlatforms) = preSolution
		Debug|Any CPU = Debug|Any CPU
		Release|Any CPU = Release|Any CPU
	EndGlobalSection
	GlobalSection(ProjectConfigurationPlatforms) = postSolution
		{FBE2EA1C-D819-45D7-84B9-0E9D612C5885}.Debug|Any CPU.ActiveCfg = Debug|Any CPU
		{FBE2EA1C-D819-45D7-84B9-0E9D612C5885}.Debug|Any CPU.Build.0 = Debug|Any CPU
		{FBE2EA1C-D819-45D7-84B9-0E9D612C5885}.Release|Any CPU.ActiveCfg = Release|Any CPU
		{FBE2EA1C-D819-45D7-84B9-0E9D612C5885}.Release|Any CPU.Build.0 = Release|Any CPU
		{A40EF0BE-6459-43E9-9680-A657CF40AE98}.Debug|Any CPU.ActiveCfg = Debug|Any CPU
		{A40EF0BE-6459-43E9-9680-A657CF40AE98}.Debug|Any CPU.Build.0 = Debug|Any CPU
		{A40EF0BE-6459-43E9-9680-A657CF40AE98}.Release|Any CPU.ActiveCfg = Release|Any CPU
		{A40EF0BE-6459-43E9-9680-A657CF40AE98}.Release|Any CPU.Build.0 = Release|Any CPU
	EndGlobalSection
	GlobalSection(SolutionProperties) = preSolution
		HideSolutionNode = FALSE
	EndGlobalSection
	GlobalSection(ExtensibilityGlobals) = postSolution
		SolutionGuid = {7FA441E9-C762-40A7-98F5-940F78986E6C}
	EndGlobalSection
EndGlobal
